<?xml version="1.0" encoding="utf-8"?>
<Project ToolsVersion="4.0" xmlns="http://schemas.microsoft.com/developer/msbuild/2003">
  <ItemGroup>
    <Filter Include="Source files">
      <UniqueIdentifier>{7c546cde-9d5a-42b0-9ec0-03962186f1da}</UniqueIdentifier>
      <Extensions>cpp;c;cc;cxx;def;odl;idl;hpj;bat;asm;asmx</Extensions>
    </Filter>
    <Filter Include="Header files">
      <UniqueIdentifier>{a43a6d84-74e3-404d-bf16-e294ac451a37}</UniqueIdentifier>
      <Extensions>h;hpp;hxx;hm;inl;inc;xsd</Extensions>
    </Filter>
    <Filter Include="Resource files">
      <UniqueIdentifier>{0b1d393e-020c-4b0c-86d8-409d442446f7}</UniqueIdentifier>
      <Extensions>rc;ico;cur;bmp;dlg;rc2;rct;bin;rgs;gif;jpg;jpeg;jpe;resx;tiff;tif;png;wav</Extensions>
    </Filter>
    <Filter Include="Make files">
      <UniqueIdentifier>{f5150aed-4dca-43cb-8cfd-f1f330cfad27}</UniqueIdentifier>
      <Extensions>*.mak</Extensions>
    </Filter>
  </ItemGroup>
  <ItemGroup>
    <ClCompile Include="testmpu9250.cpp">
      <Filter>Source files</Filter>
    </ClCompile>
    <ClCompile Include="ReadMpu9250.cpp">
      <Filter>Source files</Filter>
    </ClCompile>
    <ClCompile Include="myMath.cpp">
      <Filter>Source files</Filter>
    </ClCompile>
  </ItemGroup>
  <ItemGroup>
    <None Include="Makefile" />
    <None Include="debug.mak">
      <Filter>Make files</Filter>
    </None>
    <None Include="release.mak">
      <Filter>Make files</Filter>
    </None>
  </ItemGroup>
  <ItemGroup>
    <ClInclude Include="ReadMpu9250.h">
      <Filter>Source files</Filter>
    </ClInclude>
    <ClInclude Include="myMath.h">
      <Filter>Header files</Filter>
    </ClInclude>
  </ItemGroup>
</Project>